
Microsoft Visual Studio Solution File, Format Version 12.00
# Visual Studio Version 17
VisualStudioVersion = 17.0.31903.59
MinimumVisualStudioVersion = 10.0.40219.1
Project("{FAE04EC0-301F-11D3-BF4B-00C04F79EFBC}") = "myLibrary", "myLibrary\myLibrary.csproj", "{F3DE8001-227D-4A6B-9CA9-8A0998BD2299}"
EndProject
Project("{FAE04EC0-301F-11D3-BF4B-00C04F79EFBC}") = "Program", "Program\Program.csproj", "{0D266FF8-BE38-4F42-ADFB-07E3FDE6E949}"
EndProject
Project("{FAE04EC0-301F-11D3-BF4B-00C04F79EFBC}") = "ProgramTest", "ProgramTest\ProgramTest.csproj", "{333F63A9-DB87-46EE-B063-8783881E297A}"
EndProject
Global
	GlobalSection(SolutionConfigurationPlatforms) = preSolution
		Debug|Any CPU = Debug|Any CPU
		Release|Any CPU = Release|Any CPU
	EndGlobalSection
	GlobalSection(SolutionProperties) = preSolution
		HideSolutionNode = FALSE
	EndGlobalSection
	GlobalSection(ProjectConfigurationPlatforms) = postSolution
		{F3DE8001-227D-4A6B-9CA9-8A0998BD2299}.Debug|Any CPU.ActiveCfg = Debug|Any CPU
		{F3DE8001-227D-4A6B-9CA9-8A0998BD2299}.Debug|Any CPU.Build.0 = Debug|Any CPU
		{F3DE8001-227D-4A6B-9CA9-8A0998BD2299}.Release|Any CPU.ActiveCfg = Release|Any CPU
		{F3DE8001-227D-4A6B-9CA9-8A0998BD2299}.Release|Any CPU.Build.0 = Release|Any CPU
		{0D266FF8-BE38-4F42-ADFB-07E3FDE6E949}.Debug|Any CPU.ActiveCfg = Debug|Any CPU
		{0D266FF8-BE38-4F42-ADFB-07E3FDE6E949}.Debug|Any CPU.Build.0 = Debug|Any CPU
		{0D266FF8-BE38-4F42-ADFB-07E3FDE6E949}.Release|Any CPU.ActiveCfg = Release|Any CPU
		{0D266FF8-BE38-4F42-ADFB-07E3FDE6E949}.Release|Any CPU.Build.0 = Release|Any CPU
		{333F63A9-DB87-46EE-B063-8783881E297A}.Debug|Any CPU.ActiveCfg = Debug|Any CPU
		{333F63A9-DB87-46EE-B063-8783881E297A}.Debug|Any CPU.Build.0 = Debug|Any CPU
		{333F63A9-DB87-46EE-B063-8783881E297A}.Release|Any CPU.ActiveCfg = Release|Any CPU
		{333F63A9-DB87-46EE-B063-8783881E297A}.Release|Any CPU.Build.0 = Release|Any CPU
	EndGlobalSection
EndGlobal
