
Microsoft Visual Studio Solution File, Format Version 12.00
# Visual Studio Version 17
VisualStudioVersion = 17.0.31903.59
MinimumVisualStudioVersion = 10.0.40219.1
Project("{FAE04EC0-301F-11D3-BF4B-00C04F79EFBC}") = "Program", "Program\Program.csproj", "{808A24E2-EEA5-4BC7-BEE8-2D7242C815AC}"
EndProject
Project("{FAE04EC0-301F-11D3-BF4B-00C04F79EFBC}") = "myLibrary", "myLibrary\myLibrary.csproj", "{32FC6059-397D-456C-B41D-28589A36F78E}"
EndProject
Project("{FAE04EC0-301F-11D3-BF4B-00C04F79EFBC}") = "ProgramTest", "ProgramTest\ProgramTest.csproj", "{5EEE6343-1911-40AC-BBBF-10C734E5A9B2}"
EndProject
Global
	GlobalSection(SolutionConfigurationPlatforms) = preSolution
		Debug|Any CPU = Debug|Any CPU
		Release|Any CPU = Release|Any CPU
	EndGlobalSection
	GlobalSection(SolutionProperties) = preSolution
		HideSolutionNode = FALSE
	EndGlobalSection
	GlobalSection(ProjectConfigurationPlatforms) = postSolution
		{808A24E2-EEA5-4BC7-BEE8-2D7242C815AC}.Debug|Any CPU.ActiveCfg = Debug|Any CPU
		{808A24E2-EEA5-4BC7-BEE8-2D7242C815AC}.Debug|Any CPU.Build.0 = Debug|Any CPU
		{808A24E2-EEA5-4BC7-BEE8-2D7242C815AC}.Release|Any CPU.ActiveCfg = Release|Any CPU
		{808A24E2-EEA5-4BC7-BEE8-2D7242C815AC}.Release|Any CPU.Build.0 = Release|Any CPU
		{32FC6059-397D-456C-B41D-28589A36F78E}.Debug|Any CPU.ActiveCfg = Debug|Any CPU
		{32FC6059-397D-456C-B41D-28589A36F78E}.Debug|Any CPU.Build.0 = Debug|Any CPU
		{32FC6059-397D-456C-B41D-28589A36F78E}.Release|Any CPU.ActiveCfg = Release|Any CPU
		{32FC6059-397D-456C-B41D-28589A36F78E}.Release|Any CPU.Build.0 = Release|Any CPU
		{5EEE6343-1911-40AC-BBBF-10C734E5A9B2}.Debug|Any CPU.ActiveCfg = Debug|Any CPU
		{5EEE6343-1911-40AC-BBBF-10C734E5A9B2}.Debug|Any CPU.Build.0 = Debug|Any CPU
		{5EEE6343-1911-40AC-BBBF-10C734E5A9B2}.Release|Any CPU.ActiveCfg = Release|Any CPU
		{5EEE6343-1911-40AC-BBBF-10C734E5A9B2}.Release|Any CPU.Build.0 = Release|Any CPU
	EndGlobalSection
EndGlobal
